
Microsoft Visual Studio Solution File, Format Version 12.00
# Visual Studio 14
VisualStudioVersion = 14.0.24720.0
MinimumVisualStudioVersion = 10.0.40219.1
Project("{F184B08F-C81C-45F6-A57F-5ABD9991F28F}") = "ElasticSearch ManagedModules", "ManagedSCOMModules\ElasticSearch ManagedModules.vbproj", "{75AF509F-1D65-440D-8B43-015BB83D9EBA}"
EndProject
Project("{D4B43EB3-688B-4EEE-86BD-088F0B28ABB3}") = "P2P.Custom.Managed.Modules.Library", "P2P.Custom.Managed.Modules.Library\P2P.Custom.Managed.Modules.Library.mpproj", "{0AEB99A3-F1DA-43EB-86F8-FB44B72789D2}"
	ProjectSection(ProjectDependencies) = postProject
		{75AF509F-1D65-440D-8B43-015BB83D9EBA} = {75AF509F-1D65-440D-8B43-015BB83D9EBA}
	EndProjectSection
EndProject
Project("{D4B43EB3-688B-4EEE-86BD-088F0B28ABB3}") = "P2P.Custom.LogTester", "P2P.Custom.LogTester\P2P.Custom.LogTester.mpproj", "{1E26C217-CC55-4F7B-A45F-76CC17BE67F7}"
EndProject
Project("{F184B08F-C81C-45F6-A57F-5ABD9991F28F}") = "MyNoisyApp", "MyNoisyApp\MyNoisyApp.vbproj", "{4D28D33E-31AB-47BD-8723-4E3EC402E4C9}"
EndProject
Project("{D4B43EB3-688B-4EEE-86BD-088F0B28ABB3}") = "P2P.DWCollections.DataWarehouse.Internal", "Microsoft.SystemCenter.DataWarehouse.Internal\P2P.DWCollections.DataWarehouse.Internal.mpproj", "{DB069AFA-1C0A-4EA4-9513-B31891F4A793}"
EndProject
Global
	GlobalSection(SolutionConfigurationPlatforms) = preSolution
		Debug|Any CPU = Debug|Any CPU
		Debug|x86 = Debug|x86
		Release|Any CPU = Release|Any CPU
		Release|x86 = Release|x86
	EndGlobalSection
	GlobalSection(ProjectConfigurationPlatforms) = postSolution
		{75AF509F-1D65-440D-8B43-015BB83D9EBA}.Debug|Any CPU.ActiveCfg = Debug|Any CPU
		{75AF509F-1D65-440D-8B43-015BB83D9EBA}.Debug|Any CPU.Build.0 = Debug|Any CPU
		{75AF509F-1D65-440D-8B43-015BB83D9EBA}.Debug|x86.ActiveCfg = Debug|Any CPU
		{75AF509F-1D65-440D-8B43-015BB83D9EBA}.Release|Any CPU.ActiveCfg = Release|Any CPU
		{75AF509F-1D65-440D-8B43-015BB83D9EBA}.Release|Any CPU.Build.0 = Release|Any CPU
		{75AF509F-1D65-440D-8B43-015BB83D9EBA}.Release|x86.ActiveCfg = Release|Any CPU
		{0AEB99A3-F1DA-43EB-86F8-FB44B72789D2}.Debug|Any CPU.ActiveCfg = Debug|x86
		{0AEB99A3-F1DA-43EB-86F8-FB44B72789D2}.Debug|x86.ActiveCfg = Debug|x86
		{0AEB99A3-F1DA-43EB-86F8-FB44B72789D2}.Debug|x86.Build.0 = Debug|x86
		{0AEB99A3-F1DA-43EB-86F8-FB44B72789D2}.Release|Any CPU.ActiveCfg = Release|x86
		{0AEB99A3-F1DA-43EB-86F8-FB44B72789D2}.Release|x86.ActiveCfg = Release|x86
		{0AEB99A3-F1DA-43EB-86F8-FB44B72789D2}.Release|x86.Build.0 = Release|x86
		{1E26C217-CC55-4F7B-A45F-76CC17BE67F7}.Debug|Any CPU.ActiveCfg = Debug|x86
		{1E26C217-CC55-4F7B-A45F-76CC17BE67F7}.Debug|x86.ActiveCfg = Debug|x86
		{1E26C217-CC55-4F7B-A45F-76CC17BE67F7}.Debug|x86.Build.0 = Debug|x86
		{1E26C217-CC55-4F7B-A45F-76CC17BE67F7}.Release|Any CPU.ActiveCfg = Release|x86
		{1E26C217-CC55-4F7B-A45F-76CC17BE67F7}.Release|x86.ActiveCfg = Release|x86
		{1E26C217-CC55-4F7B-A45F-76CC17BE67F7}.Release|x86.Build.0 = Release|x86
		{4D28D33E-31AB-47BD-8723-4E3EC402E4C9}.Debug|Any CPU.ActiveCfg = Debug|Any CPU
		{4D28D33E-31AB-47BD-8723-4E3EC402E4C9}.Debug|Any CPU.Build.0 = Debug|Any CPU
		{4D28D33E-31AB-47BD-8723-4E3EC402E4C9}.Debug|x86.ActiveCfg = Debug|Any CPU
		{4D28D33E-31AB-47BD-8723-4E3EC402E4C9}.Release|Any CPU.ActiveCfg = Release|Any CPU
		{4D28D33E-31AB-47BD-8723-4E3EC402E4C9}.Release|Any CPU.Build.0 = Release|Any CPU
		{4D28D33E-31AB-47BD-8723-4E3EC402E4C9}.Release|x86.ActiveCfg = Release|Any CPU
		{DB069AFA-1C0A-4EA4-9513-B31891F4A793}.Debug|Any CPU.ActiveCfg = Debug|x86
		{DB069AFA-1C0A-4EA4-9513-B31891F4A793}.Debug|x86.ActiveCfg = Debug|x86
		{DB069AFA-1C0A-4EA4-9513-B31891F4A793}.Debug|x86.Build.0 = Debug|x86
		{DB069AFA-1C0A-4EA4-9513-B31891F4A793}.Release|Any CPU.ActiveCfg = Release|x86
		{DB069AFA-1C0A-4EA4-9513-B31891F4A793}.Release|x86.ActiveCfg = Release|x86
		{DB069AFA-1C0A-4EA4-9513-B31891F4A793}.Release|x86.Build.0 = Release|x86
	EndGlobalSection
	GlobalSection(SolutionProperties) = preSolution
		HideSolutionNode = FALSE
	EndGlobalSection
EndGlobal
